
Microsoft Visual Studio Solution File, Format Version 12.00
# Visual Studio Version 16
VisualStudioVersion = 16.0.30711.63
MinimumVisualStudioVersion = 10.0.40219.1
Project("{FAE04EC0-301F-11D3-BF4B-00C04F79EFBC}") = "ReactorWinUI.DemoApp", "ReactorWinUI.DemoApp\ReactorWinUI.DemoApp.csproj", "{D51553AB-0FB1-4659-8C2B-71C86F01F961}"
EndProject
Project("{FAE04EC0-301F-11D3-BF4B-00C04F79EFBC}") = "ReactorWinUI", "ReactorWinUI\ReactorWinUI.csproj", "{65468E27-F7D2-4CB3-A953-5818DC5B94C4}"
EndProject
Project("{FAE04EC0-301F-11D3-BF4B-00C04F79EFBC}") = "ReactorWinUI.ScaffoldApp", "ReactorWinUI.ScaffoldApp\ReactorWinUI.ScaffoldApp.csproj", "{829390AF-269C-4C66-8A03-3F56BC253421}"
EndProject
Project("{FAE04EC0-301F-11D3-BF4B-00C04F79EFBC}") = "ReactorWinUI.Host", "ReactorWinUI.Host\ReactorWinUI.Host.csproj", "{964C2179-8397-4505-B515-B925FBC3BF3B}"
EndProject
Project("{9A19103F-16F7-4668-BE54-9A1E7A4F7556}") = "ReactorWinUI.HotReload", "ReactorWinUI.HotReload\ReactorWinUI.HotReload.csproj", "{B265652B-426C-48E0-9BF8-C483CE0E6C1C}"
EndProject
Global
	GlobalSection(SolutionConfigurationPlatforms) = preSolution
		Debug|Any CPU = Debug|Any CPU
		Debug|ARM = Debug|ARM
		Debug|ARM64 = Debug|ARM64
		Debug|x64 = Debug|x64
		Debug|x86 = Debug|x86
		Release|Any CPU = Release|Any CPU
		Release|ARM = Release|ARM
		Release|ARM64 = Release|ARM64
		Release|x64 = Release|x64
		Release|x86 = Release|x86
	EndGlobalSection
	GlobalSection(ProjectConfigurationPlatforms) = postSolution
		{D51553AB-0FB1-4659-8C2B-71C86F01F961}.Debug|Any CPU.ActiveCfg = Debug|x86
		{D51553AB-0FB1-4659-8C2B-71C86F01F961}.Debug|ARM.ActiveCfg = Debug|ARM
		{D51553AB-0FB1-4659-8C2B-71C86F01F961}.Debug|ARM.Build.0 = Debug|ARM
		{D51553AB-0FB1-4659-8C2B-71C86F01F961}.Debug|ARM.Deploy.0 = Debug|ARM
		{D51553AB-0FB1-4659-8C2B-71C86F01F961}.Debug|ARM64.ActiveCfg = Debug|ARM64
		{D51553AB-0FB1-4659-8C2B-71C86F01F961}.Debug|ARM64.Build.0 = Debug|ARM64
		{D51553AB-0FB1-4659-8C2B-71C86F01F961}.Debug|ARM64.Deploy.0 = Debug|ARM64
		{D51553AB-0FB1-4659-8C2B-71C86F01F961}.Debug|x64.ActiveCfg = Debug|x64
		{D51553AB-0FB1-4659-8C2B-71C86F01F961}.Debug|x64.Build.0 = Debug|x64
		{D51553AB-0FB1-4659-8C2B-71C86F01F961}.Debug|x64.Deploy.0 = Debug|x64
		{D51553AB-0FB1-4659-8C2B-71C86F01F961}.Debug|x86.ActiveCfg = Debug|x86
		{D51553AB-0FB1-4659-8C2B-71C86F01F961}.Debug|x86.Build.0 = Debug|x86
		{D51553AB-0FB1-4659-8C2B-71C86F01F961}.Debug|x86.Deploy.0 = Debug|x86
		{D51553AB-0FB1-4659-8C2B-71C86F01F961}.Release|Any CPU.ActiveCfg = Release|x86
		{D51553AB-0FB1-4659-8C2B-71C86F01F961}.Release|ARM.ActiveCfg = Release|ARM
		{D51553AB-0FB1-4659-8C2B-71C86F01F961}.Release|ARM.Build.0 = Release|ARM
		{D51553AB-0FB1-4659-8C2B-71C86F01F961}.Release|ARM.Deploy.0 = Release|ARM
		{D51553AB-0FB1-4659-8C2B-71C86F01F961}.Release|ARM64.ActiveCfg = Release|ARM64
		{D51553AB-0FB1-4659-8C2B-71C86F01F961}.Release|ARM64.Build.0 = Release|ARM64
		{D51553AB-0FB1-4659-8C2B-71C86F01F961}.Release|ARM64.Deploy.0 = Release|ARM64
		{D51553AB-0FB1-4659-8C2B-71C86F01F961}.Release|x64.ActiveCfg = Release|x64
		{D51553AB-0FB1-4659-8C2B-71C86F01F961}.Release|x64.Build.0 = Release|x64
		{D51553AB-0FB1-4659-8C2B-71C86F01F961}.Release|x64.Deploy.0 = Release|x64
		{D51553AB-0FB1-4659-8C2B-71C86F01F961}.Release|x86.ActiveCfg = Release|x86
		{D51553AB-0FB1-4659-8C2B-71C86F01F961}.Release|x86.Build.0 = Release|x86
		{D51553AB-0FB1-4659-8C2B-71C86F01F961}.Release|x86.Deploy.0 = Release|x86
		{65468E27-F7D2-4CB3-A953-5818DC5B94C4}.Debug|Any CPU.ActiveCfg = Debug|Any CPU
		{65468E27-F7D2-4CB3-A953-5818DC5B94C4}.Debug|Any CPU.Build.0 = Debug|Any CPU
		{65468E27-F7D2-4CB3-A953-5818DC5B94C4}.Debug|ARM.ActiveCfg = Debug|ARM
		{65468E27-F7D2-4CB3-A953-5818DC5B94C4}.Debug|ARM.Build.0 = Debug|ARM
		{65468E27-F7D2-4CB3-A953-5818DC5B94C4}.Debug|ARM64.ActiveCfg = Debug|ARM64
		{65468E27-F7D2-4CB3-A953-5818DC5B94C4}.Debug|ARM64.Build.0 = Debug|ARM64
		{65468E27-F7D2-4CB3-A953-5818DC5B94C4}.Debug|x64.ActiveCfg = Debug|x64
		{65468E27-F7D2-4CB3-A953-5818DC5B94C4}.Debug|x64.Build.0 = Debug|x64
		{65468E27-F7D2-4CB3-A953-5818DC5B94C4}.Debug|x86.ActiveCfg = Debug|x86
		{65468E27-F7D2-4CB3-A953-5818DC5B94C4}.Debug|x86.Build.0 = Debug|x86
		{65468E27-F7D2-4CB3-A953-5818DC5B94C4}.Release|Any CPU.ActiveCfg = Release|Any CPU
		{65468E27-F7D2-4CB3-A953-5818DC5B94C4}.Release|Any CPU.Build.0 = Release|Any CPU
		{65468E27-F7D2-4CB3-A953-5818DC5B94C4}.Release|ARM.ActiveCfg = Release|ARM
		{65468E27-F7D2-4CB3-A953-5818DC5B94C4}.Release|ARM.Build.0 = Release|ARM
		{65468E27-F7D2-4CB3-A953-5818DC5B94C4}.Release|ARM64.ActiveCfg = Release|ARM64
		{65468E27-F7D2-4CB3-A953-5818DC5B94C4}.Release|ARM64.Build.0 = Release|ARM64
		{65468E27-F7D2-4CB3-A953-5818DC5B94C4}.Release|x64.ActiveCfg = Release|x64
		{65468E27-F7D2-4CB3-A953-5818DC5B94C4}.Release|x64.Build.0 = Release|x64
		{65468E27-F7D2-4CB3-A953-5818DC5B94C4}.Release|x86.ActiveCfg = Release|x86
		{65468E27-F7D2-4CB3-A953-5818DC5B94C4}.Release|x86.Build.0 = Release|x86
		{829390AF-269C-4C66-8A03-3F56BC253421}.Debug|Any CPU.ActiveCfg = Debug|x86
		{829390AF-269C-4C66-8A03-3F56BC253421}.Debug|ARM.ActiveCfg = Debug|ARM
		{829390AF-269C-4C66-8A03-3F56BC253421}.Debug|ARM.Build.0 = Debug|ARM
		{829390AF-269C-4C66-8A03-3F56BC253421}.Debug|ARM.Deploy.0 = Debug|ARM
		{829390AF-269C-4C66-8A03-3F56BC253421}.Debug|ARM64.ActiveCfg = Debug|ARM64
		{829390AF-269C-4C66-8A03-3F56BC253421}.Debug|ARM64.Build.0 = Debug|ARM64
		{829390AF-269C-4C66-8A03-3F56BC253421}.Debug|ARM64.Deploy.0 = Debug|ARM64
		{829390AF-269C-4C66-8A03-3F56BC253421}.Debug|x64.ActiveCfg = Debug|x64
		{829390AF-269C-4C66-8A03-3F56BC253421}.Debug|x64.Build.0 = Debug|x64
		{829390AF-269C-4C66-8A03-3F56BC253421}.Debug|x64.Deploy.0 = Debug|x64
		{829390AF-269C-4C66-8A03-3F56BC253421}.Debug|x86.ActiveCfg = Debug|x86
		{829390AF-269C-4C66-8A03-3F56BC253421}.Debug|x86.Build.0 = Debug|x86
		{829390AF-269C-4C66-8A03-3F56BC253421}.Debug|x86.Deploy.0 = Debug|x86
		{829390AF-269C-4C66-8A03-3F56BC253421}.Release|Any CPU.ActiveCfg = Release|x86
		{829390AF-269C-4C66-8A03-3F56BC253421}.Release|ARM.ActiveCfg = Release|ARM
		{829390AF-269C-4C66-8A03-3F56BC253421}.Release|ARM.Build.0 = Release|ARM
		{829390AF-269C-4C66-8A03-3F56BC253421}.Release|ARM.Deploy.0 = Release|ARM
		{829390AF-269C-4C66-8A03-3F56BC253421}.Release|ARM64.ActiveCfg = Release|ARM64
		{829390AF-269C-4C66-8A03-3F56BC253421}.Release|ARM64.Build.0 = Release|ARM64
		{829390AF-269C-4C66-8A03-3F56BC253421}.Release|ARM64.Deploy.0 = Release|ARM64
		{829390AF-269C-4C66-8A03-3F56BC253421}.Release|x64.ActiveCfg = Release|x64
		{829390AF-269C-4C66-8A03-3F56BC253421}.Release|x64.Build.0 = Release|x64
		{829390AF-269C-4C66-8A03-3F56BC253421}.Release|x64.Deploy.0 = Release|x64
		{829390AF-269C-4C66-8A03-3F56BC253421}.Release|x86.ActiveCfg = Release|x86
		{829390AF-269C-4C66-8A03-3F56BC253421}.Release|x86.Build.0 = Release|x86
		{829390AF-269C-4C66-8A03-3F56BC253421}.Release|x86.Deploy.0 = Release|x86
		{964C2179-8397-4505-B515-B925FBC3BF3B}.Debug|Any CPU.ActiveCfg = Debug|x86
		{964C2179-8397-4505-B515-B925FBC3BF3B}.Debug|ARM.ActiveCfg = Debug|ARM
		{964C2179-8397-4505-B515-B925FBC3BF3B}.Debug|ARM.Build.0 = Debug|ARM
		{964C2179-8397-4505-B515-B925FBC3BF3B}.Debug|ARM.Deploy.0 = Debug|ARM
		{964C2179-8397-4505-B515-B925FBC3BF3B}.Debug|ARM64.ActiveCfg = Debug|ARM64
		{964C2179-8397-4505-B515-B925FBC3BF3B}.Debug|ARM64.Build.0 = Debug|ARM64
		{964C2179-8397-4505-B515-B925FBC3BF3B}.Debug|ARM64.Deploy.0 = Debug|ARM64
		{964C2179-8397-4505-B515-B925FBC3BF3B}.Debug|x64.ActiveCfg = Debug|x64
		{964C2179-8397-4505-B515-B925FBC3BF3B}.Debug|x64.Build.0 = Debug|x64
		{964C2179-8397-4505-B515-B925FBC3BF3B}.Debug|x64.Deploy.0 = Debug|x64
		{964C2179-8397-4505-B515-B925FBC3BF3B}.Debug|x86.ActiveCfg = Debug|x86
		{964C2179-8397-4505-B515-B925FBC3BF3B}.Debug|x86.Build.0 = Debug|x86
		{964C2179-8397-4505-B515-B925FBC3BF3B}.Debug|x86.Deploy.0 = Debug|x86
		{964C2179-8397-4505-B515-B925FBC3BF3B}.Release|Any CPU.ActiveCfg = Release|x86
		{964C2179-8397-4505-B515-B925FBC3BF3B}.Release|ARM.ActiveCfg = Release|ARM
		{964C2179-8397-4505-B515-B925FBC3BF3B}.Release|ARM.Build.0 = Release|ARM
		{964C2179-8397-4505-B515-B925FBC3BF3B}.Release|ARM.Deploy.0 = Release|ARM
		{964C2179-8397-4505-B515-B925FBC3BF3B}.Release|ARM64.ActiveCfg = Release|ARM64
		{964C2179-8397-4505-B515-B925FBC3BF3B}.Release|ARM64.Build.0 = Release|ARM64
		{964C2179-8397-4505-B515-B925FBC3BF3B}.Release|ARM64.Deploy.0 = Release|ARM64
		{964C2179-8397-4505-B515-B925FBC3BF3B}.Release|x64.ActiveCfg = Release|x64
		{964C2179-8397-4505-B515-B925FBC3BF3B}.Release|x64.Build.0 = Release|x64
		{964C2179-8397-4505-B515-B925FBC3BF3B}.Release|x64.Deploy.0 = Release|x64
		{964C2179-8397-4505-B515-B925FBC3BF3B}.Release|x86.ActiveCfg = Release|x86
		{964C2179-8397-4505-B515-B925FBC3BF3B}.Release|x86.Build.0 = Release|x86
		{964C2179-8397-4505-B515-B925FBC3BF3B}.Release|x86.Deploy.0 = Release|x86
		{B265652B-426C-48E0-9BF8-C483CE0E6C1C}.Debug|Any CPU.ActiveCfg = Debug|Any CPU
		{B265652B-426C-48E0-9BF8-C483CE0E6C1C}.Debug|Any CPU.Build.0 = Debug|Any CPU
		{B265652B-426C-48E0-9BF8-C483CE0E6C1C}.Debug|ARM.ActiveCfg = Debug|Any CPU
		{B265652B-426C-48E0-9BF8-C483CE0E6C1C}.Debug|ARM.Build.0 = Debug|Any CPU
		{B265652B-426C-48E0-9BF8-C483CE0E6C1C}.Debug|ARM64.ActiveCfg = Debug|Any CPU
		{B265652B-426C-48E0-9BF8-C483CE0E6C1C}.Debug|ARM64.Build.0 = Debug|Any CPU
		{B265652B-426C-48E0-9BF8-C483CE0E6C1C}.Debug|x64.ActiveCfg = Debug|x64
		{B265652B-426C-48E0-9BF8-C483CE0E6C1C}.Debug|x64.Build.0 = Debug|x64
		{B265652B-426C-48E0-9BF8-C483CE0E6C1C}.Debug|x86.ActiveCfg = Debug|x64
		{B265652B-426C-48E0-9BF8-C483CE0E6C1C}.Debug|x86.Build.0 = Debug|x64
		{B265652B-426C-48E0-9BF8-C483CE0E6C1C}.Release|Any CPU.ActiveCfg = Release|Any CPU
		{B265652B-426C-48E0-9BF8-C483CE0E6C1C}.Release|Any CPU.Build.0 = Release|Any CPU
		{B265652B-426C-48E0-9BF8-C483CE0E6C1C}.Release|ARM.ActiveCfg = Release|Any CPU
		{B265652B-426C-48E0-9BF8-C483CE0E6C1C}.Release|ARM.Build.0 = Release|Any CPU
		{B265652B-426C-48E0-9BF8-C483CE0E6C1C}.Release|ARM64.ActiveCfg = Release|Any CPU
		{B265652B-426C-48E0-9BF8-C483CE0E6C1C}.Release|ARM64.Build.0 = Release|Any CPU
		{B265652B-426C-48E0-9BF8-C483CE0E6C1C}.Release|x64.ActiveCfg = Release|Any CPU
		{B265652B-426C-48E0-9BF8-C483CE0E6C1C}.Release|x64.Build.0 = Release|Any CPU
		{B265652B-426C-48E0-9BF8-C483CE0E6C1C}.Release|x86.ActiveCfg = Release|Any CPU
		{B265652B-426C-48E0-9BF8-C483CE0E6C1C}.Release|x86.Build.0 = Release|Any CPU
	EndGlobalSection
	GlobalSection(SolutionProperties) = preSolution
		HideSolutionNode = FALSE
	EndGlobalSection
	GlobalSection(ExtensibilityGlobals) = postSolution
		SolutionGuid = {76C1CE7A-2E97-4C46-B9FA-0618C4AA0F58}
	EndGlobalSection
EndGlobal
